// !$*UTF8*$!
{
	archiveVersion = 1;
	classes = {
	};
	objectVersion = 48;
	objects = {

/* Begin PBXBuildFile section */
		0407981B20F39873003E5559 /* gentleman.mp3 in Resources */ = {isa = PBXBuildFile; fileRef = 0407981720F39872003E5559 /* gentleman.mp3 */; };
		0407981C20F39873003E5559 /* ugly.mp3 in Resources */ = {isa = PBXBuildFile; fileRef = 0407981820F39872003E5559 /* ugly.mp3 */; };
		0407981D20F39873003E5559 /* actor.mp3 in Resources */ = {isa = PBXBuildFile; fileRef = 0407981920F39872003E5559 /* actor.mp3 */; };
		0407981E20F39873003E5559 /* live.mp3 in Resources */ = {isa = PBXBuildFile; fileRef = 0407981A20F39873003E5559 /* live.mp3 */; };
		0407982920F39BD4003E5559 /* LyricModel.swift in Sources */ = {isa = PBXBuildFile; fileRef = 0407982820F39BD4003E5559 /* LyricModel.swift */; };
		040FDC9920F1E1FD00E87EE9 /* PlayManager.swift in Sources */ = {isa = PBXBuildFile; fileRef = 040FDC9820F1E1FD00E87EE9 /* PlayManager.swift */; };
		040FDCA420F234CE00E87EE9 /* MusicModel.swift in Sources */ = {isa = PBXBuildFile; fileRef = 040FDCA320F234CE00E87EE9 /* MusicModel.swift */; };
		04376C4A20F440D600C15C69 /* liveLyric.lrc in Resources */ = {isa = PBXBuildFile; fileRef = 04376C4720F440D600C15C69 /* liveLyric.lrc */; };
		04376C4B20F440D600C15C69 /* shenshi.lrc in Resources */ = {isa = PBXBuildFile; fileRef = 04376C4820F440D600C15C69 /* shenshi.lrc */; };
		04376C4C20F440D600C15C69 /* yanyuan.lrc in Resources */ = {isa = PBXBuildFile; fileRef = 04376C4920F440D600C15C69 /* yanyuan.lrc */; };
		04376C4E20F441B300C15C69 /* choubaguai.lrc in Resources */ = {isa = PBXBuildFile; fileRef = 04376C4D20F441B300C15C69 /* choubaguai.lrc */; };
		0477CBB620F1B31100D14665 /* AppDelegate.swift in Sources */ = {isa = PBXBuildFile; fileRef = 0477CBB520F1B31100D14665 /* AppDelegate.swift */; };
		0477CBB820F1B31100D14665 /* ViewController.swift in Sources */ = {isa = PBXBuildFile; fileRef = 0477CBB720F1B31100D14665 /* ViewController.swift */; };
		0477CBBB20F1B31100D14665 /* Main.storyboard in Resources */ = {isa = PBXBuildFile; fileRef = 0477CBB920F1B31100D14665 /* Main.storyboard */; };
		0477CBBD20F1B31100D14665 /* Assets.xcassets in Resources */ = {isa = PBXBuildFile; fileRef = 0477CBBC20F1B31100D14665 /* Assets.xcassets */; };
		0477CBC020F1B31100D14665 /* LaunchScreen.storyboard in Resources */ = {isa = PBXBuildFile; fileRef = 0477CBBE20F1B31100D14665 /* LaunchScreen.storyboard */; };
		0477CBCB20F1B31200D14665 /* SwiftMusicDemoTests.swift in Sources */ = {isa = PBXBuildFile; fileRef = 0477CBCA20F1B31200D14665 /* SwiftMusicDemoTests.swift */; };
		0477CBD620F1B31200D14665 /* SwiftMusicDemoUITests.swift in Sources */ = {isa = PBXBuildFile; fileRef = 0477CBD520F1B31200D14665 /* SwiftMusicDemoUITests.swift */; };
		04FC9CAA20F1CAE200D8B539 /* MusicListTController.swift in Sources */ = {isa = PBXBuildFile; fileRef = 04FC9CA920F1CAE200D8B539 /* MusicListTController.swift */; };
		04FC9CB120F1CF6A00D8B539 /* MusicListTableCell.swift in Sources */ = {isa = PBXBuildFile; fileRef = 04FC9CAF20F1CF6A00D8B539 /* MusicListTableCell.swift */; };
		04FC9CB220F1CF6A00D8B539 /* MusicListTableCell.xib in Resources */ = {isa = PBXBuildFile; fileRef = 04FC9CB020F1CF6A00D8B539 /* MusicListTableCell.xib */; };
		04FC9CB520F1D66F00D8B539 /* PlayMusicViewController.swift in Sources */ = {isa = PBXBuildFile; fileRef = 04FC9CB320F1D66F00D8B539 /* PlayMusicViewController.swift */; };
		04FC9CB620F1D66F00D8B539 /* PlayMusicViewController.xib in Resources */ = {isa = PBXBuildFile; fileRef = 04FC9CB420F1D66F00D8B539 /* PlayMusicViewController.xib */; };
		04FED73D20F242D30079C5C6 /* MusicUrls.plist in Resources */ = {isa = PBXBuildFile; fileRef = 04FED73C20F242D20079C5C6 /* MusicUrls.plist */; };
		6825347ADC34E5B049986269 /* Pods_SwiftMusicDemo.framework in Frameworks */ = {isa = PBXBuildFile; fileRef = 6584F4165684A44EBE46B3C6 /* Pods_SwiftMusicDemo.framework */; };
/* End PBXBuildFile section */

/* Begin PBXContainerItemProxy section */
		0477CBC720F1B31200D14665 /* PBXContainerItemProxy */ = {
			isa = PBXContainerItemProxy;
			containerPortal = 0477CBAA20F1B31100D14665 /* Project object */;
			proxyType = 1;
			remoteGlobalIDString = 0477CBB120F1B31100D14665;
			remoteInfo = SwiftMusicDemo;
		};
		0477CBD220F1B31200D14665 /* PBXContainerItemProxy */ = {
			isa = PBXContainerItemProxy;
			containerPortal = 0477CBAA20F1B31100D14665 /* Project object */;
			proxyType = 1;
			remoteGlobalIDString = 0477CBB120F1B31100D14665;
			remoteInfo = SwiftMusicDemo;
		};
/* End PBXContainerItemProxy section */

/* Begin PBXFileReference section */
		0407981720F39872003E5559 /* gentleman.mp3 */ = {isa = PBXFileReference; lastKnownFileType = audio.mp3; path = gentleman.mp3; sourceTree = "<group>"; };
		0407981820F39872003E5559 /* ugly.mp3 */ = {isa = PBXFileReference; lastKnownFileType = audio.mp3; path = ugly.mp3; sourceTree = "<group>"; };
		0407981920F39872003E5559 /* actor.mp3 */ = {isa = PBXFileReference; lastKnownFileType = audio.mp3; path = actor.mp3; sourceTree = "<group>"; };
		0407981A20F39873003E5559 /* live.mp3 */ = {isa = PBXFileReference; lastKnownFileType = audio.mp3; path = live.mp3; sourceTree = "<group>"; };
		0407982820F39BD4003E5559 /* LyricModel.swift */ = {isa = PBXFileReference; lastKnownFileType = sourcecode.swift; path = LyricModel.swift; sourceTree = "<group>"; };
		040FDC9820F1E1FD00E87EE9 /* PlayManager.swift */ = {isa = PBXFileReference; lastKnownFileType = sourcecode.swift; path = PlayManager.swift; sourceTree = "<group>"; };
		040FDCA220F2335000E87EE9 /* SwiftMusicDemo-Bridge-Objective-C.h */ = {isa = PBXFileReference; lastKnownFileType = sourcecode.c.h; path = "SwiftMusicDemo-Bridge-Objective-C.h"; sourceTree = "<group>"; };
		040FDCA320F234CE00E87EE9 /* MusicModel.swift */ = {isa = PBXFileReference; lastKnownFileType = sourcecode.swift; path = MusicModel.swift; sourceTree = "<group>"; };
		04376C4720F440D600C15C69 /* liveLyric.lrc */ = {isa = PBXFileReference; fileEncoding = 4; lastKnownFileType = text; path = liveLyric.lrc; sourceTree = "<group>"; };
		04376C4820F440D600C15C69 /* shenshi.lrc */ = {isa = PBXFileReference; fileEncoding = 4; lastKnownFileType = text; path = shenshi.lrc; sourceTree = "<group>"; };
		04376C4920F440D600C15C69 /* yanyuan.lrc */ = {isa = PBXFileReference; fileEncoding = 4; lastKnownFileType = text; path = yanyuan.lrc; sourceTree = "<group>"; };
		04376C4D20F441B300C15C69 /* choubaguai.lrc */ = {isa = PBXFileReference; fileEncoding = 4; lastKnownFileType = text; path = choubaguai.lrc; sourceTree = "<group>"; };
		0477CBB220F1B31100D14665 /* SwiftMusicDemo.app */ = {isa = PBXFileReference; explicitFileType = wrapper.application; includeInIndex = 0; path = SwiftMusicDemo.app; sourceTree = BUILT_PRODUCTS_DIR; };
		0477CBB520F1B31100D14665 /* AppDelegate.swift */ = {isa = PBXFileReference; lastKnownFileType = sourcecode.swift; path = AppDelegate.swift; sourceTree = "<group>"; };
		0477CBB720F1B31100D14665 /* ViewController.swift */ = {isa = PBXFileReference; lastKnownFileType = sourcecode.swift; path = ViewController.swift; sourceTree = "<group>"; };
		0477CBBA20F1B31100D14665 /* Base */ = {isa = PBXFileReference; lastKnownFileType = file.storyboard; name = Base; path = Base.lproj/Main.storyboard; sourceTree = "<group>"; };
		0477CBBC20F1B31100D14665 /* Assets.xcassets */ = {isa = PBXFileReference; lastKnownFileType = folder.assetcatalog; path = Assets.xcassets; sourceTree = "<group>"; };
		0477CBBF20F1B31100D14665 /* Base */ = {isa = PBXFileReference; lastKnownFileType = file.storyboard; name = Base; path = Base.lproj/LaunchScreen.storyboard; sourceTree = "<group>"; };
		0477CBC120F1B31100D14665 /* Info.plist */ = {isa = PBXFileReference; lastKnownFileType = text.plist.xml; path = Info.plist; sourceTree = "<group>"; };
		0477CBC620F1B31200D14665 /* SwiftMusicDemoTests.xctest */ = {isa = PBXFileReference; explicitFileType = wrapper.cfbundle; includeInIndex = 0; path = SwiftMusicDemoTests.xctest; sourceTree = BUILT_PRODUCTS_DIR; };
		0477CBCA20F1B31200D14665 /* SwiftMusicDemoTests.swift */ = {isa = PBXFileReference; lastKnownFileType = sourcecode.swift; path = SwiftMusicDemoTests.swift; sourceTree = "<group>"; };
		0477CBCC20F1B31200D14665 /* Info.plist */ = {isa = PBXFileReference; lastKnownFileType = text.plist.xml; path = Info.plist; sourceTree = "<group>"; };
		0477CBD120F1B31200D14665 /* SwiftMusicDemoUITests.xctest */ = {isa = PBXFileReference; explicitFileType = wrapper.cfbundle; includeInIndex = 0; path = SwiftMusicDemoUITests.xctest; sourceTree = BUILT_PRODUCTS_DIR; };
		0477CBD520F1B31200D14665 /* SwiftMusicDemoUITests.swift */ = {isa = PBXFileReference; lastKnownFileType = sourcecode.swift; path = SwiftMusicDemoUITests.swift; sourceTree = "<group>"; };
		0477CBD720F1B31200D14665 /* Info.plist */ = {isa = PBXFileReference; lastKnownFileType = text.plist.xml; path = Info.plist; sourceTree = "<group>"; };
		04FC9CA920F1CAE200D8B539 /* MusicListTController.swift */ = {isa = PBXFileReference; lastKnownFileType = sourcecode.swift; path = MusicListTController.swift; sourceTree = "<group>"; };
		04FC9CAF20F1CF6A00D8B539 /* MusicListTableCell.swift */ = {isa = PBXFileReference; lastKnownFileType = sourcecode.swift; path = MusicListTableCell.swift; sourceTree = "<group>"; };
		04FC9CB020F1CF6A00D8B539 /* MusicListTableCell.xib */ = {isa = PBXFileReference; lastKnownFileType = file.xib; path = MusicListTableCell.xib; sourceTree = "<group>"; };
		04FC9CB320F1D66F00D8B539 /* PlayMusicViewController.swift */ = {isa = PBXFileReference; lastKnownFileType = sourcecode.swift; path = PlayMusicViewController.swift; sourceTree = "<group>"; };
		04FC9CB420F1D66F00D8B539 /* PlayMusicViewController.xib */ = {isa = PBXFileReference; lastKnownFileType = file.xib; path = PlayMusicViewController.xib; sourceTree = "<group>"; };
		04FED73C20F242D20079C5C6 /* MusicUrls.plist */ = {isa = PBXFileReference; fileEncoding = 4; lastKnownFileType = text.plist.xml; path = MusicUrls.plist; sourceTree = "<group>"; };
		6584F4165684A44EBE46B3C6 /* Pods_SwiftMusicDemo.framework */ = {isa = PBXFileReference; explicitFileType = wrapper.framework; includeInIndex = 0; path = Pods_SwiftMusicDemo.framework; sourceTree = BUILT_PRODUCTS_DIR; };
		B827090697BAE90F87A9BD2C /* Pods-SwiftMusicDemo.debug.xcconfig */ = {isa = PBXFileReference; includeInIndex = 1; lastKnownFileType = text.xcconfig; name = "Pods-SwiftMusicDemo.debug.xcconfig"; path = "Pods/Target Support Files/Pods-SwiftMusicDemo/Pods-SwiftMusicDemo.debug.xcconfig"; sourceTree = "<group>"; };
		C94743B4AE3892263E67D539 /* Pods-SwiftMusicDemo.release.xcconfig */ = {isa = PBXFileReference; includeInIndex = 1; lastKnownFileType = text.xcconfig; name = "Pods-SwiftMusicDemo.release.xcconfig"; path = "Pods/Target Support Files/Pods-SwiftMusicDemo/Pods-SwiftMusicDemo.release.xcconfig"; sourceTree = "<group>"; };
/* End PBXFileReference section */

/* Begin PBXFrameworksBuildPhase section */
		0477CBAF20F1B31100D14665 /* Frameworks */ = {
			isa = PBXFrameworksBuildPhase;
			buildActionMask = 2147483647;
			files = (
				6825347ADC34E5B049986269 /* Pods_SwiftMusicDemo.framework in Frameworks */,
			);
			runOnlyForDeploymentPostprocessing = 0;
		};
		0477CBC320F1B31200D14665 /* Frameworks */ = {
			isa = PBXFrameworksBuildPhase;
			buildActionMask = 2147483647;
			files = (
			);
			runOnlyForDeploymentPostprocessing = 0;
		};
		0477CBCE20F1B31200D14665 /* Frameworks */ = {
			isa = PBXFrameworksBuildPhase;
			buildActionMask = 2147483647;
			files = (
			);
			runOnlyForDeploymentPostprocessing = 0;
		};
/* End PBXFrameworksBuildPhase section */

/* Begin PBXGroup section */
		040FDC9A20F1E84B00E87EE9 /* Sound */ = {
			isa = PBXGroup;
			children = (
				04376C4620F440D600C15C69 /* lrc */,
				0407981920F39872003E5559 /* actor.mp3 */,
				0407981720F39872003E5559 /* gentleman.mp3 */,
				0407981A20F39873003E5559 /* live.mp3 */,
				0407981820F39872003E5559 /* ugly.mp3 */,
			);
			path = Sound;
			sourceTree = "<group>";
		};
		04376C4620F440D600C15C69 /* lrc */ = {
			isa = PBXGroup;
			children = (
				04376C4D20F441B300C15C69 /* choubaguai.lrc */,
				04376C4720F440D600C15C69 /* liveLyric.lrc */,
				04376C4820F440D600C15C69 /* shenshi.lrc */,
				04376C4920F440D600C15C69 /* yanyuan.lrc */,
			);
			path = lrc;
			sourceTree = "<group>";
		};
		0477CBA920F1B31100D14665 = {
			isa = PBXGroup;
			children = (
				0477CBB420F1B31100D14665 /* SwiftMusicDemo */,
				0477CBC920F1B31200D14665 /* SwiftMusicDemoTests */,
				0477CBD420F1B31200D14665 /* SwiftMusicDemoUITests */,
				0477CBB320F1B31100D14665 /* Products */,
				1DFBDA274246D84074F7F08A /* Pods */,
				31EF97DE13EB9123304A8F03 /* Frameworks */,
			);
			sourceTree = "<group>";
		};
		0477CBB320F1B31100D14665 /* Products */ = {
			isa = PBXGroup;
			children = (
				0477CBB220F1B31100D14665 /* SwiftMusicDemo.app */,
				0477CBC620F1B31200D14665 /* SwiftMusicDemoTests.xctest */,
				0477CBD120F1B31200D14665 /* SwiftMusicDemoUITests.xctest */,
			);
			name = Products;
			sourceTree = "<group>";
		};
		0477CBB420F1B31100D14665 /* SwiftMusicDemo */ = {
			isa = PBXGroup;
			children = (
				040FDC9A20F1E84B00E87EE9 /* Sound */,
				04FC9CAE20F1CB7600D8B539 /* DataTool */,
				04FC9CAD20F1CB4C00D8B539 /* Models */,
				04FC9CAC20F1CB3900D8B539 /* TableViewCell */,
				04FC9CAB20F1CB1300D8B539 /* Controller */,
				0477CBB520F1B31100D14665 /* AppDelegate.swift */,
				0477CBB720F1B31100D14665 /* ViewController.swift */,
				0477CBB920F1B31100D14665 /* Main.storyboard */,
				0477CBBC20F1B31100D14665 /* Assets.xcassets */,
				0477CBBE20F1B31100D14665 /* LaunchScreen.storyboard */,
				0477CBC120F1B31100D14665 /* Info.plist */,
				040FDCA220F2335000E87EE9 /* SwiftMusicDemo-Bridge-Objective-C.h */,
				04FED73C20F242D20079C5C6 /* MusicUrls.plist */,
			);
			path = SwiftMusicDemo;
			sourceTree = "<group>";
		};
		0477CBC920F1B31200D14665 /* SwiftMusicDemoTests */ = {
			isa = PBXGroup;
			children = (
				0477CBCA20F1B31200D14665 /* SwiftMusicDemoTests.swift */,
				0477CBCC20F1B31200D14665 /* Info.plist */,
			);
			path = SwiftMusicDemoTests;
			sourceTree = "<group>";
		};
		0477CBD420F1B31200D14665 /* SwiftMusicDemoUITests */ = {
			isa = PBXGroup;
			children = (
				0477CBD520F1B31200D14665 /* SwiftMusicDemoUITests.swift */,
				0477CBD720F1B31200D14665 /* Info.plist */,
			);
			path = SwiftMusicDemoUITests;
			sourceTree = "<group>";
		};
		04FC9CAB20F1CB1300D8B539 /* Controller */ = {
			isa = PBXGroup;
			children = (
				04FC9CA920F1CAE200D8B539 /* MusicListTController.swift */,
				04FC9CB320F1D66F00D8B539 /* PlayMusicViewController.swift */,
				04FC9CB420F1D66F00D8B539 /* PlayMusicViewController.xib */,
			);
			path = Controller;
			sourceTree = "<group>";
		};
		04FC9CAC20F1CB3900D8B539 /* TableViewCell */ = {
			isa = PBXGroup;
			children = (
				04FC9CAF20F1CF6A00D8B539 /* MusicListTableCell.swift */,
				04FC9CB020F1CF6A00D8B539 /* MusicListTableCell.xib */,
			);
			path = TableViewCell;
			sourceTree = "<group>";
		};
		04FC9CAD20F1CB4C00D8B539 /* Models */ = {
			isa = PBXGroup;
			children = (
				040FDCA320F234CE00E87EE9 /* MusicModel.swift */,
				0407982820F39BD4003E5559 /* LyricModel.swift */,
			);
			path = Models;
			sourceTree = "<group>";
		};
		04FC9CAE20F1CB7600D8B539 /* DataTool */ = {
			isa = PBXGroup;
			children = (
				040FDC9820F1E1FD00E87EE9 /* PlayManager.swift */,
			);
			path = DataTool;
			sourceTree = "<group>";
		};
		1DFBDA274246D84074F7F08A /* Pods */ = {
			isa = PBXGroup;
			children = (
				B827090697BAE90F87A9BD2C /* Pods-SwiftMusicDemo.debug.xcconfig */,
				C94743B4AE3892263E67D539 /* Pods-SwiftMusicDemo.release.xcconfig */,
			);
			name = Pods;
			sourceTree = "<group>";
		};
		31EF97DE13EB9123304A8F03 /* Frameworks */ = {
			isa = PBXGroup;
			children = (
				6584F4165684A44EBE46B3C6 /* Pods_SwiftMusicDemo.framework */,
			);
			name = Frameworks;
			sourceTree = "<group>";
		};
/* End PBXGroup section */

/* Begin PBXNativeTarget section */
		0477CBB120F1B31100D14665 /* SwiftMusicDemo */ = {
			isa = PBXNativeTarget;
			buildConfigurationList = 0477CBDA20F1B31200D14665 /* Build configuration list for PBXNativeTarget "SwiftMusicDemo" */;
			buildPhases = (
				03103FC38DC6A91829977B68 /* [CP] Check Pods Manifest.lock */,
				0477CBAE20F1B31100D14665 /* Sources */,
				0477CBAF20F1B31100D14665 /* Frameworks */,
				0477CBB020F1B31100D14665 /* Resources */,
				5BB9022127A0B7CF6E4A242E /* [CP] Embed Pods Frameworks */,
			);
			buildRules = (
			);
			dependencies = (
			);
			name = SwiftMusicDemo;
			productName = SwiftMusicDemo;
			productReference = 0477CBB220F1B31100D14665 /* SwiftMusicDemo.app */;
			productType = "com.apple.product-type.application";
		};
		0477CBC520F1B31200D14665 /* SwiftMusicDemoTests */ = {
			isa = PBXNativeTarget;
			buildConfigurationList = 0477CBDD20F1B31200D14665 /* Build configuration list for PBXNativeTarget "SwiftMusicDemoTests" */;
			buildPhases = (
				0477CBC220F1B31200D14665 /* Sources */,
				0477CBC320F1B31200D14665 /* Frameworks */,
				0477CBC420F1B31200D14665 /* Resources */,
			);
			buildRules = (
			);
			dependencies = (
				0477CBC820F1B31200D14665 /* PBXTargetDependency */,
			);
			name = SwiftMusicDemoTests;
			productName = SwiftMusicDemoTests;
			productReference = 0477CBC620F1B31200D14665 /* SwiftMusicDemoTests.xctest */;
			productType = "com.apple.product-type.bundle.unit-test";
		};
		0477CBD020F1B31200D14665 /* SwiftMusicDemoUITests */ = {
			isa = PBXNativeTarget;
			buildConfigurationList = 0477CBE020F1B31200D14665 /* Build configuration list for PBXNativeTarget "SwiftMusicDemoUITests" */;
			buildPhases = (
				0477CBCD20F1B31200D14665 /* Sources */,
				0477CBCE20F1B31200D14665 /* Frameworks */,
				0477CBCF20F1B31200D14665 /* Resources */,
			);
			buildRules = (
			);
			dependencies = (
				0477CBD320F1B31200D14665 /* PBXTargetDependency */,
			);
			name = SwiftMusicDemoUITests;
			productName = SwiftMusicDemoUITests;
			productReference = 0477CBD120F1B31200D14665 /* SwiftMusicDemoUITests.xctest */;
			productType = "com.apple.product-type.bundle.ui-testing";
		};
/* End PBXNativeTarget section */

/* Begin PBXProject section */
		0477CBAA20F1B31100D14665 /* Project object */ = {
			isa = PBXProject;
			attributes = {
				LastSwiftUpdateCheck = 0920;
				LastUpgradeCheck = 0920;
				ORGANIZATIONNAME = mac;
				TargetAttributes = {
					0477CBB120F1B31100D14665 = {
						CreatedOnToolsVersion = 9.2;
						ProvisioningStyle = Automatic;
					};
					0477CBC520F1B31200D14665 = {
						CreatedOnToolsVersion = 9.2;
						ProvisioningStyle = Automatic;
						TestTargetID = 0477CBB120F1B31100D14665;
					};
					0477CBD020F1B31200D14665 = {
						CreatedOnToolsVersion = 9.2;
						ProvisioningStyle = Automatic;
						TestTargetID = 0477CBB120F1B31100D14665;
					};
				};
			};
			buildConfigurationList = 0477CBAD20F1B31100D14665 /* Build configuration list for PBXProject "SwiftMusicDemo" */;
			compatibilityVersion = "Xcode 8.0";
			developmentRegion = en;
			hasScannedForEncodings = 0;
			knownRegions = (
				en,
				Base,
			);
			mainGroup = 0477CBA920F1B31100D14665;
			productRefGroup = 0477CBB320F1B31100D14665 /* Products */;
			projectDirPath = "";
			projectRoot = "";
			targets = (
				0477CBB120F1B31100D14665 /* SwiftMusicDemo */,
				0477CBC520F1B31200D14665 /* SwiftMusicDemoTests */,
				0477CBD020F1B31200D14665 /* SwiftMusicDemoUITests */,
			);
		};
/* End PBXProject section */

/* Begin PBXResourcesBuildPhase section */
		0477CBB020F1B31100D14665 /* Resources */ = {
			isa = PBXResourcesBuildPhase;
			buildActionMask = 2147483647;
			files = (
				04376C4B20F440D600C15C69 /* shenshi.lrc in Resources */,
				04376C4E20F441B300C15C69 /* choubaguai.lrc in Resources */,
				04FC9CB220F1CF6A00D8B539 /* MusicListTableCell.xib in Resources */,
				0407981B20F39873003E5559 /* gentleman.mp3 in Resources */,
				04376C4A20F440D600C15C69 /* liveLyric.lrc in Resources */,
				0407981D20F39873003E5559 /* actor.mp3 in Resources */,
				04376C4C20F440D600C15C69 /* yanyuan.lrc in Resources */,
				0477CBC020F1B31100D14665 /* LaunchScreen.storyboard in Resources */,
				0477CBBD20F1B31100D14665 /* Assets.xcassets in Resources */,
				04FED73D20F242D30079C5C6 /* MusicUrls.plist in Resources */,
				0407981E20F39873003E5559 /* live.mp3 in Resources */,
				0477CBBB20F1B31100D14665 /* Main.storyboard in Resources */,
				04FC9CB620F1D66F00D8B539 /* PlayMusicViewController.xib in Resources */,
				0407981C20F39873003E5559 /* ugly.mp3 in Resources */,
			);
			runOnlyForDeploymentPostprocessing = 0;
		};
		0477CBC420F1B31200D14665 /* Resources */ = {
			isa = PBXResourcesBuildPhase;
			buildActionMask = 2147483647;
			files = (
			);
			runOnlyForDeploymentPostprocessing = 0;
		};
		0477CBCF20F1B31200D14665 /* Resources */ = {
			isa = PBXResourcesBuildPhase;
			buildActionMask = 2147483647;
			files = (
			);
			runOnlyForDeploymentPostprocessing = 0;
		};
/* End PBXResourcesBuildPhase section */

/* Begin PBXShellScriptBuildPhase section */
		03103FC38DC6A91829977B68 /* [CP] Check Pods Manifest.lock */ = {
			isa = PBXShellScriptBuildPhase;
			buildActionMask = 2147483647;
			files = (
			);
			inputPaths = (
				"${PODS_PODFILE_DIR_PATH}/Podfile.lock",
				"${PODS_ROOT}/Manifest.lock",
			);
			name = "[CP] Check Pods Manifest.lock";
			outputPaths = (
				"$(DERIVED_FILE_DIR)/Pods-SwiftMusicDemo-checkManifestLockResult.txt",
			);
			runOnlyForDeploymentPostprocessing = 0;
			shellPath = /bin/sh;
			shellScript = "diff \"${PODS_PODFILE_DIR_PATH}/Podfile.lock\" \"${PODS_ROOT}/Manifest.lock\" > /dev/null\nif [ $? != 0 ] ; then\n    # print error to STDERR\n    echo \"error: The sandbox is not in sync with the Podfile.lock. Run 'pod install' or update your CocoaPods installation.\" >&2\n    exit 1\nfi\n# This output is used by Xcode 'outputs' to avoid re-running this script phase.\necho \"SUCCESS\" > \"${SCRIPT_OUTPUT_FILE_0}\"\n";
			showEnvVarsInLog = 0;
		};
		5BB9022127A0B7CF6E4A242E /* [CP] Embed Pods Frameworks */ = {
			isa = PBXShellScriptBuildPhase;
			buildActionMask = 2147483647;
			files = (
			);
			inputPaths = (
				"${SRCROOT}/Pods/Target Support Files/Pods-SwiftMusicDemo/Pods-SwiftMusicDemo-frameworks.sh",
				"${BUILT_PRODUCTS_DIR}/SDWebImage/SDWebImage.framework",
				"${BUILT_PRODUCTS_DIR}/YYModel/YYModel.framework",
			);
			name = "[CP] Embed Pods Frameworks";
			outputPaths = (
				"${TARGET_BUILD_DIR}/${FRAMEWORKS_FOLDER_PATH}/SDWebImage.framework",
				"${TARGET_BUILD_DIR}/${FRAMEWORKS_FOLDER_PATH}/YYModel.framework",
			);
			runOnlyForDeploymentPostprocessing = 0;
			shellPath = /bin/sh;
			shellScript = "\"${SRCROOT}/Pods/Target Support Files/Pods-SwiftMusicDemo/Pods-SwiftMusicDemo-frameworks.sh\"\n";
			showEnvVarsInLog = 0;
		};
/* End PBXShellScriptBuildPhase section */

/* Begin PBXSourcesBuildPhase section */
		0477CBAE20F1B31100D14665 /* Sources */ = {
			isa = PBXSourcesBuildPhase;
			buildActionMask = 2147483647;
			files = (
				04FC9CB120F1CF6A00D8B539 /* MusicListTableCell.swift in Sources */,
				040FDCA420F234CE00E87EE9 /* MusicModel.swift in Sources */,
				04FC9CAA20F1CAE200D8B539 /* MusicListTController.swift in Sources */,
				0477CBB820F1B31100D14665 /* ViewController.swift in Sources */,
				040FDC9920F1E1FD00E87EE9 /* PlayManager.swift in Sources */,
				0477CBB620F1B31100D14665 /* AppDelegate.swift in Sources */,
				04FC9CB520F1D66F00D8B539 /* PlayMusicViewController.swift in Sources */,
				0407982920F39BD4003E5559 /* LyricModel.swift in Sources */,
			);
			runOnlyForDeploymentPostprocessing = 0;
		};
		0477CBC220F1B31200D14665 /* Sources */ = {
			isa = PBXSourcesBuildPhase;
			buildActionMask = 2147483647;
			files = (
				0477CBCB20F1B31200D14665 /* SwiftMusicDemoTests.swift in Sources */,
			);
			runOnlyForDeploymentPostprocessing = 0;
		};
		0477CBCD20F1B31200D14665 /* Sources */ = {
			isa = PBXSourcesBuildPhase;
			buildActionMask = 2147483647;
			files = (
				0477CBD620F1B31200D14665 /* SwiftMusicDemoUITests.swift in Sources */,
			);
			runOnlyForDeploymentPostprocessing = 0;
		};
/* End PBXSourcesBuildPhase section */

/* Begin PBXTargetDependency section */
		0477CBC820F1B31200D14665 /* PBXTargetDependency */ = {
			isa = PBXTargetDependency;
			target = 0477CBB120F1B31100D14665 /* SwiftMusicDemo */;
			targetProxy = 0477CBC720F1B31200D14665 /* PBXContainerItemProxy */;
		};
		0477CBD320F1B31200D14665 /* PBXTargetDependency */ = {
			isa = PBXTargetDependency;
			target = 0477CBB120F1B31100D14665 /* SwiftMusicDemo */;
			targetProxy = 0477CBD220F1B31200D14665 /* PBXContainerItemProxy */;
		};
/* End PBXTargetDependency section */

/* Begin PBXVariantGroup section */
		0477CBB920F1B31100D14665 /* Main.storyboard */ = {
			isa = PBXVariantGroup;
			children = (
				0477CBBA20F1B31100D14665 /* Base */,
			);
			name = Main.storyboard;
			sourceTree = "<group>";
		};
		0477CBBE20F1B31100D14665 /* LaunchScreen.storyboard */ = {
			isa = PBXVariantGroup;
			children = (
				0477CBBF20F1B31100D14665 /* Base */,
			);
			name = LaunchScreen.storyboard;
			sourceTree = "<group>";
		};
/* End PBXVariantGroup section */

/* Begin XCBuildConfiguration section */
		0477CBD820F1B31200D14665 /* Debug */ = {
			isa = XCBuildConfiguration;
			buildSettings = {
				ALWAYS_SEARCH_USER_PATHS = NO;
				CLANG_ANALYZER_NONNULL = YES;
				CLANG_ANALYZER_NUMBER_OBJECT_CONVERSION = YES_AGGRESSIVE;
				CLANG_CXX_LANGUAGE_STANDARD = "gnu++14";
				CLANG_CXX_LIBRARY = "libc++";
				CLANG_ENABLE_MODULES = YES;
				CLANG_ENABLE_OBJC_ARC = YES;
				CLANG_WARN_BLOCK_CAPTURE_AUTORELEASING = YES;
				CLANG_WARN_BOOL_CONVERSION = YES;
				CLANG_WARN_COMMA = YES;
				CLANG_WARN_CONSTANT_CONVERSION = YES;
				CLANG_WARN_DIRECT_OBJC_ISA_USAGE = YES_ERROR;
				CLANG_WARN_DOCUMENTATION_COMMENTS = YES;
				CLANG_WARN_EMPTY_BODY = YES;
				CLANG_WARN_ENUM_CONVERSION = YES;
				CLANG_WARN_INFINITE_RECURSION = YES;
				CLANG_WARN_INT_CONVERSION = YES;
				CLANG_WARN_NON_LITERAL_NULL_CONVERSION = YES;
				CLANG_WARN_OBJC_LITERAL_CONVERSION = YES;
				CLANG_WARN_OBJC_ROOT_CLASS = YES_ERROR;
				CLANG_WARN_RANGE_LOOP_ANALYSIS = YES;
				CLANG_WARN_STRICT_PROTOTYPES = YES;
				CLANG_WARN_SUSPICIOUS_MOVE = YES;
				CLANG_WARN_UNGUARDED_AVAILABILITY = YES_AGGRESSIVE;
				CLANG_WARN_UNREACHABLE_CODE = YES;
				CLANG_WARN__DUPLICATE_METHOD_MATCH = YES;
				CODE_SIGN_IDENTITY = "iPhone Developer";
				COPY_PHASE_STRIP = NO;
				DEBUG_INFORMATION_FORMAT = dwarf;
				ENABLE_STRICT_OBJC_MSGSEND = YES;
				ENABLE_TESTABILITY = YES;
				GCC_C_LANGUAGE_STANDARD = gnu11;
				GCC_DYNAMIC_NO_PIC = NO;
				GCC_NO_COMMON_BLOCKS = YES;
				GCC_OPTIMIZATION_LEVEL = 0;
				GCC_PREPROCESSOR_DEFINITIONS = (
					"DEBUG=1",
					"$(inherited)",
				);
				GCC_WARN_64_TO_32_BIT_CONVERSION = YES;
				GCC_WARN_ABOUT_RETURN_TYPE = YES_ERROR;
				GCC_WARN_UNDECLARED_SELECTOR = YES;
				GCC_WARN_UNINITIALIZED_AUTOS = YES_AGGRESSIVE;
				GCC_WARN_UNUSED_FUNCTION = YES;
				GCC_WARN_UNUSED_VARIABLE = YES;
				IPHONEOS_DEPLOYMENT_TARGET = 11.2;
				MTL_ENABLE_DEBUG_INFO = YES;
				ONLY_ACTIVE_ARCH = YES;
				SDKROOT = iphoneos;
				SWIFT_ACTIVE_COMPILATION_CONDITIONS = DEBUG;
				SWIFT_OPTIMIZATION_LEVEL = "-Onone";
			};
			name = Debug;
		};
		0477CBD920F1B31200D14665 /* Release */ = {
			isa = XCBuildConfiguration;
			buildSettings = {
				ALWAYS_SEARCH_USER_PATHS = NO;
				CLANG_ANALYZER_NONNULL = YES;
				CLANG_ANALYZER_NUMBER_OBJECT_CONVERSION = YES_AGGRESSIVE;
				CLANG_CXX_LANGUAGE_STANDARD = "gnu++14";
				CLANG_CXX_LIBRARY = "libc++";
				CLANG_ENABLE_MODULES = YES;
				CLANG_ENABLE_OBJC_ARC = YES;
				CLANG_WARN_BLOCK_CAPTURE_AUTORELEASING = YES;
				CLANG_WARN_BOOL_CONVERSION = YES;
				CLANG_WARN_COMMA = YES;
				CLANG_WARN_CONSTANT_CONVERSION = YES;
				CLANG_WARN_DIRECT_OBJC_ISA_USAGE = YES_ERROR;
				CLANG_WARN_DOCUMENTATION_COMMENTS = YES;
				CLANG_WARN_EMPTY_BODY = YES;
				CLANG_WARN_ENUM_CONVERSION = YES;
				CLANG_WARN_INFINITE_RECURSION = YES;
				CLANG_WARN_INT_CONVERSION = YES;
				CLANG_WARN_NON_LITERAL_NULL_CONVERSION = YES;
				CLANG_WARN_OBJC_LITERAL_CONVERSION = YES;
				CLANG_WARN_OBJC_ROOT_CLASS = YES_ERROR;
				CLANG_WARN_RANGE_LOOP_ANALYSIS = YES;
				CLANG_WARN_STRICT_PROTOTYPES = YES;
				CLANG_WARN_SUSPICIOUS_MOVE = YES;
				CLANG_WARN_UNGUARDED_AVAILABILITY = YES_AGGRESSIVE;
				CLANG_WARN_UNREACHABLE_CODE = YES;
				CLANG_WARN__DUPLICATE_METHOD_MATCH = YES;
				CODE_SIGN_IDENTITY = "iPhone Developer";
				COPY_PHASE_STRIP = NO;
				DEBUG_INFORMATION_FORMAT = "dwarf-with-dsym";
				ENABLE_NS_ASSERTIONS = NO;
				ENABLE_STRICT_OBJC_MSGSEND = YES;
				GCC_C_LANGUAGE_STANDARD = gnu11;
				GCC_NO_COMMON_BLOCKS = YES;
				GCC_WARN_64_TO_32_BIT_CONVERSION = YES;
				GCC_WARN_ABOUT_RETURN_TYPE = YES_ERROR;
				GCC_WARN_UNDECLARED_SELECTOR = YES;
				GCC_WARN_UNINITIALIZED_AUTOS = YES_AGGRESSIVE;
				GCC_WARN_UNUSED_FUNCTION = YES;
				GCC_WARN_UNUSED_VARIABLE = YES;
				IPHONEOS_DEPLOYMENT_TARGET = 11.2;
				MTL_ENABLE_DEBUG_INFO = NO;
				SDKROOT = iphoneos;
				SWIFT_OPTIMIZATION_LEVEL = "-Owholemodule";
				VALIDATE_PRODUCT = YES;
			};
			name = Release;
		};
		0477CBDB20F1B31200D14665 /* Debug */ = {
			isa = XCBuildConfiguration;
			baseConfigurationReference = B827090697BAE90F87A9BD2C /* Pods-SwiftMusicDemo.debug.xcconfig */;
			buildSettings = {
				ASSETCATALOG_COMPILER_APPICON_NAME = AppIcon;
				CODE_SIGN_STYLE = Automatic;
				INFOPLIST_FILE = SwiftMusicDemo/Info.plist;
				LD_RUNPATH_SEARCH_PATHS = "$(inherited) @executable_path/Frameworks";
				PRODUCT_BUNDLE_IDENTIFIER = com.zhanggaotong.SwiftMusicDemo;
				PRODUCT_NAME = "$(TARGET_NAME)";
				SWIFT_OBJC_BRIDGING_HEADER = "SwiftMusicDemo/SwiftMusicDemo-Bridge-Objective-C.h";
				SWIFT_VERSION = 4.0;
				TARGETED_DEVICE_FAMILY = "1,2";
			};
			name = Debug;
		};
		0477CBDC20F1B31200D14665 /* Release */ = {
			isa = XCBuildConfiguration;
			baseConfigurationReference = C94743B4AE3892263E67D539 /* Pods-SwiftMusicDemo.release.xcconfig */;
			buildSettings = {
				ASSETCATALOG_COMPILER_APPICON_NAME = AppIcon;
				CODE_SIGN_STYLE = Automatic;
				INFOPLIST_FILE = SwiftMusicDemo/Info.plist;
				LD_RUNPATH_SEARCH_PATHS = "$(inherited) @executable_path/Frameworks";
				PRODUCT_BUNDLE_IDENTIFIER = com.zhanggaotong.SwiftMusicDemo;
				PRODUCT_NAME = "$(TARGET_NAME)";
				SWIFT_OBJC_BRIDGING_HEADER = "SwiftMusicDemo/SwiftMusicDemo-Bridge-Objective-C.h";
				SWIFT_VERSION = 4.0;
				TARGETED_DEVICE_FAMILY = "1,2";
			};
			name = Release;
		};
		0477CBDE20F1B31200D14665 /* Debug */ = {
			isa = XCBuildConfiguration;
			buildSettings = {
				ALWAYS_EMBED_SWIFT_STANDARD_LIBRARIES = YES;
				BUNDLE_LOADER = "$(TEST_HOST)";
				CODE_SIGN_STYLE = Automatic;
				INFOPLIST_FILE = SwiftMusicDemoTests/Info.plist;
				LD_RUNPATH_SEARCH_PATHS = "$(inherited) @executable_path/Frameworks @loader_path/Frameworks";
				PRODUCT_BUNDLE_IDENTIFIER = com.zhanggaotong.SwiftMusicDemoTests;
				PRODUCT_NAME = "$(TARGET_NAME)";
				SWIFT_VERSION = 4.0;
				TARGETED_DEVICE_FAMILY = "1,2";
				TEST_HOST = "$(BUILT_PRODUCTS_DIR)/SwiftMusicDemo.app/SwiftMusicDemo";
			};
			name = Debug;
		};
		0477CBDF20F1B31200D14665 /* Release */ = {
			isa = XCBuildConfiguration;
			buildSettings = {
				ALWAYS_EMBED_SWIFT_STANDARD_LIBRARIES = YES;
				BUNDLE_LOADER = "$(TEST_HOST)";
				CODE_SIGN_STYLE = Automatic;
				INFOPLIST_FILE = SwiftMusicDemoTests/Info.plist;
				LD_RUNPATH_SEARCH_PATHS = "$(inherited) @executable_path/Frameworks @loader_path/Frameworks";
				PRODUCT_BUNDLE_IDENTIFIER = com.zhanggaotong.SwiftMusicDemoTests;
				PRODUCT_NAME = "$(TARGET_NAME)";
				SWIFT_VERSION = 4.0;
				TARGETED_DEVICE_FAMILY = "1,2";
				TEST_HOST = "$(BUILT_PRODUCTS_DIR)/SwiftMusicDemo.app/SwiftMusicDemo";
			};
			name = Release;
		};
		0477CBE120F1B31200D14665 /* Debug */ = {
			isa = XCBuildConfiguration;
			buildSettings = {
				ALWAYS_EMBED_SWIFT_STANDARD_LIBRARIES = YES;
				CODE_SIGN_STYLE = Automatic;
				INFOPLIST_FILE = SwiftMusicDemoUITests/Info.plist;
				LD_RUNPATH_SEARCH_PATHS = "$(inherited) @executable_path/Frameworks @loader_path/Frameworks";
				PRODUCT_BUNDLE_IDENTIFIER = com.zhanggaotong.SwiftMusicDemoUITests;
				PRODUCT_NAME = "$(TARGET_NAME)";
				SWIFT_VERSION = 4.0;
				TARGETED_DEVICE_FAMILY = "1,2";
				TEST_TARGET_NAME = SwiftMusicDemo;
			};
			name = Debug;
		};
		0477CBE220F1B31200D14665 /* Release */ = {
			isa = XCBuildConfiguration;
			buildSettings = {
				ALWAYS_EMBED_SWIFT_STANDARD_LIBRARIES = YES;
				CODE_SIGN_STYLE = Automatic;
				INFOPLIST_FILE = SwiftMusicDemoUITests/Info.plist;
				LD_RUNPATH_SEARCH_PATHS = "$(inherited) @executable_path/Frameworks @loader_path/Frameworks";
				PRODUCT_BUNDLE_IDENTIFIER = com.zhanggaotong.SwiftMusicDemoUITests;
				PRODUCT_NAME = "$(TARGET_NAME)";
				SWIFT_VERSION = 4.0;
				TARGETED_DEVICE_FAMILY = "1,2";
				TEST_TARGET_NAME = SwiftMusicDemo;
			};
			name = Release;
		};
/* End XCBuildConfiguration section */

/* Begin XCConfigurationList section */
		0477CBAD20F1B31100D14665 /* Build configuration list for PBXProject "SwiftMusicDemo" */ = {
			isa = XCConfigurationList;
			buildConfigurations = (
				0477CBD820F1B31200D14665 /* Debug */,
				0477CBD920F1B31200D14665 /* Release */,
			);
			defaultConfigurationIsVisible = 0;
			defaultConfigurationName = Release;
		};
		0477CBDA20F1B31200D14665 /* Build configuration list for PBXNativeTarget "SwiftMusicDemo" */ = {
			isa = XCConfigurationList;
			buildConfigurations = (
				0477CBDB20F1B31200D14665 /* Debug */,
				0477CBDC20F1B31200D14665 /* Release */,
			);
			defaultConfigurationIsVisible = 0;
			defaultConfigurationName = Release;
		};
		0477CBDD20F1B31200D14665 /* Build configuration list for PBXNativeTarget "SwiftMusicDemoTests" */ = {
			isa = XCConfigurationList;
			buildConfigurations = (
				0477CBDE20F1B31200D14665 /* Debug */,
				0477CBDF20F1B31200D14665 /* Release */,
			);
			defaultConfigurationIsVisible = 0;
			defaultConfigurationName = Release;
		};
		0477CBE020F1B31200D14665 /* Build configuration list for PBXNativeTarget "SwiftMusicDemoUITests" */ = {
			isa = XCConfigurationList;
			buildConfigurations = (
				0477CBE120F1B31200D14665 /* Debug */,
				0477CBE220F1B31200D14665 /* Release */,
			);
			defaultConfigurationIsVisible = 0;
			defaultConfigurationName = Release;
		};
/* End XCConfigurationList section */
	};
	rootObject = 0477CBAA20F1B31100D14665 /* Project object */;
}
